{
  "name": "react-native-app-components",
  "version": "0.1.0",
  "lockfileVersion": 1,
  "requires": true,
  "dependencies": {
    "kdbush": {
      "version": "1.0.1",
      "resolved": "https://registry.npmjs.org/kdbush/-/kdbush-1.0.1.tgz",
      "integrity": "sha1-PL0D6d6tnA9vZszblkUOXOzGQOA="
    },
    "lodash": {
      "version": "4.17.4",
      "resolved": "https://registry.npmjs.org/lodash/-/lodash-4.17.4.tgz",
      "integrity": "sha1-eCA6TRwyiuHYbcpkYONptX9AVa4="
    },
    "supercluster": {
      "version": "2.3.0",
      "resolved": "https://registry.npmjs.org/supercluster/-/supercluster-2.3.0.tgz",
      "integrity": "sha1-h6tWCBu+qaHXJN9TUe6ejDry9Is=",
      "requires": {
        "kdbush": "1.0.1"
      }
    }
  }
}
